
Microsoft Visual Studio Solution File, Format Version 12.00
# Visual Studio Version 17
VisualStudioVersion = 17.8.34330.188
MinimumVisualStudioVersion = 10.0.40219.1
Project("{FAE04EC0-301F-11D3-BF4B-00C04F79EFBC}") = "Evolution", "Evolution\Evolution.csproj", "{C2A4F62D-A154-4EAC-A927-20B14F244F20}"
EndProject
Project("{FAE04EC0-301F-11D3-BF4B-00C04F79EFBC}") = "Evolution.Demo", "Evolution.Demo\Evolution.Demo.csproj", "{692ABCF3-9979-4375-9704-57222AB6CD33}"
EndProject
Global
	GlobalSection(SolutionConfigurationPlatforms) = preSolution
		Debug|Any CPU = Debug|Any CPU
		Release|Any CPU = Release|Any CPU
	EndGlobalSection
	GlobalSection(ProjectConfigurationPlatforms) = postSolution
		{C2A4F62D-A154-4EAC-A927-20B14F244F20}.Debug|Any CPU.ActiveCfg = Debug|Any CPU
		{C2A4F62D-A154-4EAC-A927-20B14F244F20}.Debug|Any CPU.Build.0 = Debug|Any CPU
		{C2A4F62D-A154-4EAC-A927-20B14F244F20}.Release|Any CPU.ActiveCfg = Release|Any CPU
		{C2A4F62D-A154-4EAC-A927-20B14F244F20}.Release|Any CPU.Build.0 = Release|Any CPU
		{692ABCF3-9979-4375-9704-57222AB6CD33}.Debug|Any CPU.ActiveCfg = Debug|Any CPU
		{692ABCF3-9979-4375-9704-57222AB6CD33}.Debug|Any CPU.Build.0 = Debug|Any CPU
		{692ABCF3-9979-4375-9704-57222AB6CD33}.Release|Any CPU.ActiveCfg = Release|Any CPU
		{692ABCF3-9979-4375-9704-57222AB6CD33}.Release|Any CPU.Build.0 = Release|Any CPU
	EndGlobalSection
	GlobalSection(SolutionProperties) = preSolution
		HideSolutionNode = FALSE
	EndGlobalSection
	GlobalSection(ExtensibilityGlobals) = postSolution
		SolutionGuid = {E9B01BC9-A6BE-4C80-AE65-5D864B3B76D1}
	EndGlobalSection
EndGlobal
